{
  "name": "create-impala",
  "version": "0.0.7",
  "lockfileVersion": 2,
  "requires": true,
  "packages": {
    "": {
      "name": "create-impala",
      "version": "0.0.7",
      "license": "MIT",
      "bin": {
        "create-impala": "dist/cli.js"
      },
      "devDependencies": {
        "@clack/prompts": "^0.6.3",
        "degit": "^2.8.4",
        "tsup": "^6.7.0"
      }
    },
    "../../node_modules/.pnpm/@clack+prompts@0.6.3/node_modules/@clack/prompts": {
      "version": "0.6.3",
      "bundleDependencies": [
        "is-unicode-supported"
      ],
      "dev": true,
      "license": "MIT",
      "dependencies": {
        "@clack/core": "^0.3.2",
        "picocolors": "^1.0.0",
        "sisteransi": "^1.0.5"
      },
      "devDependencies": {
        "is-unicode-supported": "^1.3.0"
      }
    },
    "../../node_modules/.pnpm/@clack+prompts@0.6.3/node_modules/@clack/prompts/node_modules/is-unicode-supported": {
      "version": "1.3.0",
      "dev": true,
      "inBundle": true,
      "license": "MIT",
      "engines": {
        "node": ">=12"
      },
      "funding": {
        "url": "https://github.com/sponsors/sindresorhus"
      }
    },
    "../../node_modules/.pnpm/tsup@6.7.0/node_modules/tsup": {
      "version": "6.7.0",
      "dev": true,
      "license": "MIT",
      "dependencies": {
        "bundle-require": "^4.0.0",
        "cac": "^6.7.12",
        "chokidar": "^3.5.1",
        "debug": "^4.3.1",
        "esbuild": "^0.17.6",
        "execa": "^5.0.0",
        "globby": "^11.0.3",
        "joycon": "^3.0.1",
        "postcss-load-config": "^3.0.1",
        "resolve-from": "^5.0.0",
        "rollup": "^3.2.5",
        "source-map": "0.8.0-beta.0",
        "sucrase": "^3.20.3",
        "tree-kill": "^1.2.2"
      },
      "bin": {
        "tsup": "dist/cli-default.js",
        "tsup-node": "dist/cli-node.js"
      },
      "devDependencies": {
        "@rollup/plugin-json": "5.0.1",
        "@swc/core": "1.2.218",
        "@types/debug": "4.1.7",
        "@types/flat": "5.0.2",
        "@types/fs-extra": "9.0.13",
        "@types/node": "14.18.12",
        "@types/resolve": "1.20.1",
        "colorette": "2.0.16",
        "consola": "2.15.3",
        "flat": "5.0.2",
        "fs-extra": "10.0.0",
        "postcss": "8.4.12",
        "postcss-simple-vars": "6.0.3",
        "prettier": "2.5.1",
        "resolve": "1.20.0",
        "rollup-plugin-dts": "5.3.0",
        "rollup-plugin-hashbang": "2.2.2",
        "strip-json-comments": "4.0.0",
        "svelte": "3.46.4",
        "terser": "^5.16.0",
        "ts-essentials": "9.1.2",
        "tsconfig-paths": "3.12.0",
        "tsup": "6.6.1",
        "typescript": "5.0.2",
        "vitest": "0.28.4",
        "wait-for-expect": "3.0.2"
      },
      "engines": {
        "node": ">=14.18"
      },
      "peerDependencies": {
        "@swc/core": "^1",
        "postcss": "^8.4.12",
        "typescript": ">=4.1.0"
      },
      "peerDependenciesMeta": {
        "@swc/core": {
          "optional": true
        },
        "postcss": {
          "optional": true
        },
        "typescript": {
          "optional": true
        }
      }
    },
    "node_modules/@clack/prompts": {
      "resolved": "../../node_modules/.pnpm/@clack+prompts@0.6.3/node_modules/@clack/prompts",
      "link": true
    },
    "node_modules/degit": {
      "version": "2.8.4",
      "resolved": "https://registry.npmjs.org/degit/-/degit-2.8.4.tgz",
      "integrity": "sha512-vqYuzmSA5I50J882jd+AbAhQtgK6bdKUJIex1JNfEUPENCgYsxugzKVZlFyMwV4i06MmnV47/Iqi5Io86zf3Ng==",
      "dev": true,
      "bin": {
        "degit": "degit"
      },
      "engines": {
        "node": ">=8.0.0"
      }
    },
    "node_modules/tsup": {
      "resolved": "../../node_modules/.pnpm/tsup@6.7.0/node_modules/tsup",
      "link": true
    }
  },
  "dependencies": {
    "@clack/prompts": {
      "version": "file:../../node_modules/.pnpm/@clack+prompts@0.6.3/node_modules/@clack/prompts",
      "requires": {
        "@clack/core": "^0.3.2",
        "is-unicode-supported": "^1.3.0",
        "picocolors": "^1.0.0",
        "sisteransi": "^1.0.5"
      },
      "dependencies": {
        "is-unicode-supported": {
          "version": "1.3.0",
          "bundled": true,
          "dev": true
        }
      }
    },
    "degit": {
      "version": "2.8.4",
      "resolved": "https://registry.npmjs.org/degit/-/degit-2.8.4.tgz",
      "integrity": "sha512-vqYuzmSA5I50J882jd+AbAhQtgK6bdKUJIex1JNfEUPENCgYsxugzKVZlFyMwV4i06MmnV47/Iqi5Io86zf3Ng==",
      "dev": true
    },
    "tsup": {
      "version": "file:../../node_modules/.pnpm/tsup@6.7.0/node_modules/tsup",
      "requires": {
        "@rollup/plugin-json": "5.0.1",
        "@swc/core": "1.2.218",
        "@types/debug": "4.1.7",
        "@types/flat": "5.0.2",
        "@types/fs-extra": "9.0.13",
        "@types/node": "14.18.12",
        "@types/resolve": "1.20.1",
        "bundle-require": "^4.0.0",
        "cac": "^6.7.12",
        "chokidar": "^3.5.1",
        "colorette": "2.0.16",
        "consola": "2.15.3",
        "debug": "^4.3.1",
        "esbuild": "^0.17.6",
        "execa": "^5.0.0",
        "flat": "5.0.2",
        "fs-extra": "10.0.0",
        "globby": "^11.0.3",
        "joycon": "^3.0.1",
        "postcss": "8.4.12",
        "postcss-load-config": "^3.0.1",
        "postcss-simple-vars": "6.0.3",
        "prettier": "2.5.1",
        "resolve": "1.20.0",
        "resolve-from": "^5.0.0",
        "rollup": "^3.2.5",
        "rollup-plugin-dts": "5.3.0",
        "rollup-plugin-hashbang": "2.2.2",
        "source-map": "0.8.0-beta.0",
        "strip-json-comments": "4.0.0",
        "sucrase": "^3.20.3",
        "svelte": "3.46.4",
        "terser": "^5.16.0",
        "tree-kill": "^1.2.2",
        "ts-essentials": "9.1.2",
        "tsconfig-paths": "3.12.0",
        "tsup": "6.6.1",
        "typescript": "5.0.2",
        "vitest": "0.28.4",
        "wait-for-expect": "3.0.2"
      }
    }
  }
}
